{
  "name": "rfm69_node",
  "version": "1.0.0",
  "lockfileVersion": 1,
  "requires": true,
  "dependencies": {
    "bindings": {
      "version": "1.3.1",
      "resolved": "https://registry.npmjs.org/bindings/-/bindings-1.3.1.tgz",
      "integrity": "sha512-i47mqjF9UbjxJhxGf+pZ6kSxrnI3wBLlnGI2ArWJ4r0VrvDS7ZYXkprq/pLaBWYq4GM0r4zdHY+NNRqEMU7uew=="
    },
    "epoll": {
      "version": "2.0.7",
      "resolved": "https://registry.npmjs.org/epoll/-/epoll-2.0.7.tgz",
      "integrity": "sha512-oCj9Prru+JVvxXAuYjcJqp9a5aefj5ZLKyTQ01AKniYls7dAoEDRxsAC7J2CP7pZ5sXbY/qBeToZmVT+L/CYNg==",
      "requires": {
        "bindings": "^1.3.1",
        "nan": "^2.12.1"
      }
    },
    "lodash.debounce": {
      "version": "4.0.8",
      "resolved": "https://registry.npmjs.org/lodash.debounce/-/lodash.debounce-4.0.8.tgz",
      "integrity": "sha1-gteb/zCmfEAF/9XiUVMArZyk168="
    },
    "nan": {
      "version": "2.12.1",
      "resolved": "https://registry.npmjs.org/nan/-/nan-2.12.1.tgz",
      "integrity": "sha512-JY7V6lRkStKcKTvHO5NVSQRv+RV+FIL5pvDoLiAtSL9pKlC5x9PKQcZDsq7m4FO4d57mkhC6Z+QhAh3Jdk5JFw=="
    },
    "onoff": {
      "version": "3.2.2",
      "resolved": "https://registry.npmjs.org/onoff/-/onoff-3.2.2.tgz",
      "integrity": "sha512-wLxeB03QLSsbIhIqR24Ia137uyCKNR7O8SEnUhN4kmsrDrhZNVpSWfOC7Tp1bvz7qKLwfYICGYbPMjzun4opLg==",
      "requires": {
        "epoll": "^2.0.4",
        "lodash.debounce": "^4.0.8"
      }
    },
    "spi-device": {
      "version": "2.0.6",
      "resolved": "https://registry.npmjs.org/spi-device/-/spi-device-2.0.6.tgz",
      "integrity": "sha512-ivjj1XHQ+oO98khLsvsk+55GJbGwmVmsQ0r4LdzL0VjjwUdwH2bHmD3t2pTHLx5FYtRx5Wa38Vd1vwDSqKD1+Q==",
      "requires": {
        "bindings": "^1.3.1",
        "nan": "^2.12.1"
      }
    }
  }
}
